
Microsoft Visual Studio Solution File, Format Version 12.00
# Visual Studio Version 17
VisualStudioVersion = 17.0.31903.59
MinimumVisualStudioVersion = 10.0.40219.1
Project("{FAE04EC0-301F-11D3-BF4B-00C04F79EFBC}") = "Dto", "Dto\Dto.csproj", "{E67BABBB-6AB9-4EDB-9EAD-57A49939FE89}"
EndProject
Project("{FAE04EC0-301F-11D3-BF4B-00C04F79EFBC}") = "Processors", "Processors\Processors.csproj", "{679A324D-3FCE-4F9B-85E5-DBAE9F429AD6}"
	ProjectSection(ProjectDependencies) = postProject
		{E67BABBB-6AB9-4EDB-9EAD-57A49939FE89} = {E67BABBB-6AB9-4EDB-9EAD-57A49939FE89}
	EndProjectSection
EndProject
Project("{FAE04EC0-301F-11D3-BF4B-00C04F79EFBC}") = "Dto.Tests", "Dto.Tests\Dto.Tests.csproj", "{4DBBB78A-5FFF-4E82-AEC0-E3B64654FB53}"
	ProjectSection(ProjectDependencies) = postProject
		{E67BABBB-6AB9-4EDB-9EAD-57A49939FE89} = {E67BABBB-6AB9-4EDB-9EAD-57A49939FE89}
	EndProjectSection
EndProject
Project("{FAE04EC0-301F-11D3-BF4B-00C04F79EFBC}") = "Processors.Tests", "Processors.Tests\Processors.Tests.csproj", "{864F2924-304C-4744-BDE3-E2EB3310AC2F}"
	ProjectSection(ProjectDependencies) = postProject
		{E67BABBB-6AB9-4EDB-9EAD-57A49939FE89} = {E67BABBB-6AB9-4EDB-9EAD-57A49939FE89}
	EndProjectSection
EndProject
Project("{FAE04EC0-301F-11D3-BF4B-00C04F79EFBC}") = "DtoUsageAnalyzer", "DtoUsageAnalyzer\DtoUsageAnalyzer.csproj", "{464C44D8-8BA3-44F9-B5C4-3E014B9359DE}"
EndProject
Project("{FAE04EC0-301F-11D3-BF4B-00C04F79EFBC}") = "Analyze", "Analyze\Analyze.csproj", "{05BF502A-CCF2-4B60-8E29-7DAED5866A14}"
EndProject
Project("{FAE04EC0-301F-11D3-BF4B-00C04F79EFBC}") = "Analyze.Tests", "Analyze.Tests\Analyze.Tests.csproj", "{FAA7AD07-59CB-43F5-9457-B7CAAAF2D180}"
	ProjectSection(ProjectDependencies) = postProject
		{464C44D8-8BA3-44F9-B5C4-3E014B9359DE} = {464C44D8-8BA3-44F9-B5C4-3E014B9359DE}
		{E67BABBB-6AB9-4EDB-9EAD-57A49939FE89} = {E67BABBB-6AB9-4EDB-9EAD-57A49939FE89}
	EndProjectSection
EndProject
Project("{FAE04EC0-301F-11D3-BF4B-00C04F79EFBC}") = "DtoUsageAnalyzer.Tests", "DtoUsageAnalyzer.Tests\DtoUsageAnalyzer.Tests.csproj", "{F6735DEC-4695-4DC1-92AB-34AF499A79FB}"
EndProject
Global
	GlobalSection(SolutionConfigurationPlatforms) = preSolution
		Debug|Any CPU = Debug|Any CPU
		Debug|x64 = Debug|x64
		Debug|x86 = Debug|x86
		Release|Any CPU = Release|Any CPU
		Release|x64 = Release|x64
		Release|x86 = Release|x86
	EndGlobalSection
	GlobalSection(ProjectConfigurationPlatforms) = postSolution
		{E67BABBB-6AB9-4EDB-9EAD-57A49939FE89}.Debug|Any CPU.ActiveCfg = Debug|Any CPU
		{E67BABBB-6AB9-4EDB-9EAD-57A49939FE89}.Debug|Any CPU.Build.0 = Debug|Any CPU
		{E67BABBB-6AB9-4EDB-9EAD-57A49939FE89}.Debug|x64.ActiveCfg = Debug|Any CPU
		{E67BABBB-6AB9-4EDB-9EAD-57A49939FE89}.Debug|x64.Build.0 = Debug|Any CPU
		{E67BABBB-6AB9-4EDB-9EAD-57A49939FE89}.Debug|x86.ActiveCfg = Debug|Any CPU
		{E67BABBB-6AB9-4EDB-9EAD-57A49939FE89}.Debug|x86.Build.0 = Debug|Any CPU
		{E67BABBB-6AB9-4EDB-9EAD-57A49939FE89}.Release|Any CPU.ActiveCfg = Release|Any CPU
		{E67BABBB-6AB9-4EDB-9EAD-57A49939FE89}.Release|Any CPU.Build.0 = Release|Any CPU
		{E67BABBB-6AB9-4EDB-9EAD-57A49939FE89}.Release|x64.ActiveCfg = Release|Any CPU
		{E67BABBB-6AB9-4EDB-9EAD-57A49939FE89}.Release|x64.Build.0 = Release|Any CPU
		{E67BABBB-6AB9-4EDB-9EAD-57A49939FE89}.Release|x86.ActiveCfg = Release|Any CPU
		{E67BABBB-6AB9-4EDB-9EAD-57A49939FE89}.Release|x86.Build.0 = Release|Any CPU
		{679A324D-3FCE-4F9B-85E5-DBAE9F429AD6}.Debug|Any CPU.ActiveCfg = Debug|Any CPU
		{679A324D-3FCE-4F9B-85E5-DBAE9F429AD6}.Debug|Any CPU.Build.0 = Debug|Any CPU
		{679A324D-3FCE-4F9B-85E5-DBAE9F429AD6}.Debug|x64.ActiveCfg = Debug|Any CPU
		{679A324D-3FCE-4F9B-85E5-DBAE9F429AD6}.Debug|x64.Build.0 = Debug|Any CPU
		{679A324D-3FCE-4F9B-85E5-DBAE9F429AD6}.Debug|x86.ActiveCfg = Debug|Any CPU
		{679A324D-3FCE-4F9B-85E5-DBAE9F429AD6}.Debug|x86.Build.0 = Debug|Any CPU
		{679A324D-3FCE-4F9B-85E5-DBAE9F429AD6}.Release|Any CPU.ActiveCfg = Release|Any CPU
		{679A324D-3FCE-4F9B-85E5-DBAE9F429AD6}.Release|Any CPU.Build.0 = Release|Any CPU
		{679A324D-3FCE-4F9B-85E5-DBAE9F429AD6}.Release|x64.ActiveCfg = Release|Any CPU
		{679A324D-3FCE-4F9B-85E5-DBAE9F429AD6}.Release|x64.Build.0 = Release|Any CPU
		{679A324D-3FCE-4F9B-85E5-DBAE9F429AD6}.Release|x86.ActiveCfg = Release|Any CPU
		{679A324D-3FCE-4F9B-85E5-DBAE9F429AD6}.Release|x86.Build.0 = Release|Any CPU
		{4DBBB78A-5FFF-4E82-AEC0-E3B64654FB53}.Debug|Any CPU.ActiveCfg = Debug|Any CPU
		{4DBBB78A-5FFF-4E82-AEC0-E3B64654FB53}.Debug|Any CPU.Build.0 = Debug|Any CPU
		{4DBBB78A-5FFF-4E82-AEC0-E3B64654FB53}.Debug|x64.ActiveCfg = Debug|Any CPU
		{4DBBB78A-5FFF-4E82-AEC0-E3B64654FB53}.Debug|x64.Build.0 = Debug|Any CPU
		{4DBBB78A-5FFF-4E82-AEC0-E3B64654FB53}.Debug|x86.ActiveCfg = Debug|Any CPU
		{4DBBB78A-5FFF-4E82-AEC0-E3B64654FB53}.Debug|x86.Build.0 = Debug|Any CPU
		{4DBBB78A-5FFF-4E82-AEC0-E3B64654FB53}.Release|Any CPU.ActiveCfg = Release|Any CPU
		{4DBBB78A-5FFF-4E82-AEC0-E3B64654FB53}.Release|Any CPU.Build.0 = Release|Any CPU
		{4DBBB78A-5FFF-4E82-AEC0-E3B64654FB53}.Release|x64.ActiveCfg = Release|Any CPU
		{4DBBB78A-5FFF-4E82-AEC0-E3B64654FB53}.Release|x64.Build.0 = Release|Any CPU
		{4DBBB78A-5FFF-4E82-AEC0-E3B64654FB53}.Release|x86.ActiveCfg = Release|Any CPU
		{4DBBB78A-5FFF-4E82-AEC0-E3B64654FB53}.Release|x86.Build.0 = Release|Any CPU
		{864F2924-304C-4744-BDE3-E2EB3310AC2F}.Debug|Any CPU.ActiveCfg = Debug|Any CPU
		{864F2924-304C-4744-BDE3-E2EB3310AC2F}.Debug|Any CPU.Build.0 = Debug|Any CPU
		{864F2924-304C-4744-BDE3-E2EB3310AC2F}.Debug|x64.ActiveCfg = Debug|Any CPU
		{864F2924-304C-4744-BDE3-E2EB3310AC2F}.Debug|x64.Build.0 = Debug|Any CPU
		{864F2924-304C-4744-BDE3-E2EB3310AC2F}.Debug|x86.ActiveCfg = Debug|Any CPU
		{864F2924-304C-4744-BDE3-E2EB3310AC2F}.Debug|x86.Build.0 = Debug|Any CPU
		{864F2924-304C-4744-BDE3-E2EB3310AC2F}.Release|Any CPU.ActiveCfg = Release|Any CPU
		{864F2924-304C-4744-BDE3-E2EB3310AC2F}.Release|Any CPU.Build.0 = Release|Any CPU
		{864F2924-304C-4744-BDE3-E2EB3310AC2F}.Release|x64.ActiveCfg = Release|Any CPU
		{864F2924-304C-4744-BDE3-E2EB3310AC2F}.Release|x64.Build.0 = Release|Any CPU
		{864F2924-304C-4744-BDE3-E2EB3310AC2F}.Release|x86.ActiveCfg = Release|Any CPU
		{864F2924-304C-4744-BDE3-E2EB3310AC2F}.Release|x86.Build.0 = Release|Any CPU
		{464C44D8-8BA3-44F9-B5C4-3E014B9359DE}.Debug|Any CPU.ActiveCfg = Debug|Any CPU
		{464C44D8-8BA3-44F9-B5C4-3E014B9359DE}.Debug|Any CPU.Build.0 = Debug|Any CPU
		{464C44D8-8BA3-44F9-B5C4-3E014B9359DE}.Debug|x64.ActiveCfg = Debug|Any CPU
		{464C44D8-8BA3-44F9-B5C4-3E014B9359DE}.Debug|x64.Build.0 = Debug|Any CPU
		{464C44D8-8BA3-44F9-B5C4-3E014B9359DE}.Debug|x86.ActiveCfg = Debug|Any CPU
		{464C44D8-8BA3-44F9-B5C4-3E014B9359DE}.Debug|x86.Build.0 = Debug|Any CPU
		{464C44D8-8BA3-44F9-B5C4-3E014B9359DE}.Release|Any CPU.ActiveCfg = Release|Any CPU
		{464C44D8-8BA3-44F9-B5C4-3E014B9359DE}.Release|Any CPU.Build.0 = Release|Any CPU
		{464C44D8-8BA3-44F9-B5C4-3E014B9359DE}.Release|x64.ActiveCfg = Release|Any CPU
		{464C44D8-8BA3-44F9-B5C4-3E014B9359DE}.Release|x64.Build.0 = Release|Any CPU
		{464C44D8-8BA3-44F9-B5C4-3E014B9359DE}.Release|x86.ActiveCfg = Release|Any CPU
		{464C44D8-8BA3-44F9-B5C4-3E014B9359DE}.Release|x86.Build.0 = Release|Any CPU
		{05BF502A-CCF2-4B60-8E29-7DAED5866A14}.Debug|Any CPU.ActiveCfg = Debug|Any CPU
		{05BF502A-CCF2-4B60-8E29-7DAED5866A14}.Debug|Any CPU.Build.0 = Debug|Any CPU
		{05BF502A-CCF2-4B60-8E29-7DAED5866A14}.Debug|x64.ActiveCfg = Debug|Any CPU
		{05BF502A-CCF2-4B60-8E29-7DAED5866A14}.Debug|x64.Build.0 = Debug|Any CPU
		{05BF502A-CCF2-4B60-8E29-7DAED5866A14}.Debug|x86.ActiveCfg = Debug|Any CPU
		{05BF502A-CCF2-4B60-8E29-7DAED5866A14}.Debug|x86.Build.0 = Debug|Any CPU
		{05BF502A-CCF2-4B60-8E29-7DAED5866A14}.Release|Any CPU.ActiveCfg = Release|Any CPU
		{05BF502A-CCF2-4B60-8E29-7DAED5866A14}.Release|Any CPU.Build.0 = Release|Any CPU
		{05BF502A-CCF2-4B60-8E29-7DAED5866A14}.Release|x64.ActiveCfg = Release|Any CPU
		{05BF502A-CCF2-4B60-8E29-7DAED5866A14}.Release|x64.Build.0 = Release|Any CPU
		{05BF502A-CCF2-4B60-8E29-7DAED5866A14}.Release|x86.ActiveCfg = Release|Any CPU
		{05BF502A-CCF2-4B60-8E29-7DAED5866A14}.Release|x86.Build.0 = Release|Any CPU
		{FAA7AD07-59CB-43F5-9457-B7CAAAF2D180}.Debug|Any CPU.ActiveCfg = Debug|Any CPU
		{FAA7AD07-59CB-43F5-9457-B7CAAAF2D180}.Debug|Any CPU.Build.0 = Debug|Any CPU
		{FAA7AD07-59CB-43F5-9457-B7CAAAF2D180}.Debug|x64.ActiveCfg = Debug|Any CPU
		{FAA7AD07-59CB-43F5-9457-B7CAAAF2D180}.Debug|x64.Build.0 = Debug|Any CPU
		{FAA7AD07-59CB-43F5-9457-B7CAAAF2D180}.Debug|x86.ActiveCfg = Debug|Any CPU
		{FAA7AD07-59CB-43F5-9457-B7CAAAF2D180}.Debug|x86.Build.0 = Debug|Any CPU
		{FAA7AD07-59CB-43F5-9457-B7CAAAF2D180}.Release|Any CPU.ActiveCfg = Release|Any CPU
		{FAA7AD07-59CB-43F5-9457-B7CAAAF2D180}.Release|Any CPU.Build.0 = Release|Any CPU
		{FAA7AD07-59CB-43F5-9457-B7CAAAF2D180}.Release|x64.ActiveCfg = Release|Any CPU
		{FAA7AD07-59CB-43F5-9457-B7CAAAF2D180}.Release|x64.Build.0 = Release|Any CPU
		{FAA7AD07-59CB-43F5-9457-B7CAAAF2D180}.Release|x86.ActiveCfg = Release|Any CPU
		{FAA7AD07-59CB-43F5-9457-B7CAAAF2D180}.Release|x86.Build.0 = Release|Any CPU
		{F6735DEC-4695-4DC1-92AB-34AF499A79FB}.Debug|Any CPU.ActiveCfg = Debug|Any CPU
		{F6735DEC-4695-4DC1-92AB-34AF499A79FB}.Debug|Any CPU.Build.0 = Debug|Any CPU
		{F6735DEC-4695-4DC1-92AB-34AF499A79FB}.Debug|x64.ActiveCfg = Debug|Any CPU
		{F6735DEC-4695-4DC1-92AB-34AF499A79FB}.Debug|x64.Build.0 = Debug|Any CPU
		{F6735DEC-4695-4DC1-92AB-34AF499A79FB}.Debug|x86.ActiveCfg = Debug|Any CPU
		{F6735DEC-4695-4DC1-92AB-34AF499A79FB}.Debug|x86.Build.0 = Debug|Any CPU
		{F6735DEC-4695-4DC1-92AB-34AF499A79FB}.Release|Any CPU.ActiveCfg = Release|Any CPU
		{F6735DEC-4695-4DC1-92AB-34AF499A79FB}.Release|Any CPU.Build.0 = Release|Any CPU
		{F6735DEC-4695-4DC1-92AB-34AF499A79FB}.Release|x64.ActiveCfg = Release|Any CPU
		{F6735DEC-4695-4DC1-92AB-34AF499A79FB}.Release|x64.Build.0 = Release|Any CPU
		{F6735DEC-4695-4DC1-92AB-34AF499A79FB}.Release|x86.ActiveCfg = Release|Any CPU
		{F6735DEC-4695-4DC1-92AB-34AF499A79FB}.Release|x86.Build.0 = Release|Any CPU
	EndGlobalSection
	GlobalSection(SolutionProperties) = preSolution
		HideSolutionNode = FALSE
	EndGlobalSection
EndGlobal
